dependencies:
- name: elasticsearch
  repository: https://helm.elastic.co
  version: 7.17.3
- name: logstash
  repository: https://helm.elastic.co
  version: 7.17.3
- name: filebeat
  repository: https://helm.elastic.co
  version: 7.17.3
- name: kibana
  repository: https://helm.elastic.co
  version: 7.17.3
digest: sha256:705eef833a5cc1414e993aea4c779ab0c5fa364a5d13169f758a0cdd781a22be
generated: "2026-05-09T20:36:41.100606+05:30"
